
Microsoft Visual Studio Solution File, Format Version 12.00
# Visual Studio Version 17
VisualStudioVersion = 17.10.34916.146
MinimumVisualStudioVersion = 10.0.40219.1
Project("{FAE04EC0-301F-11D3-BF4B-00C04F79EFBC}") = "Tesztlogin_szerver", "Tesztlogin_szerver\Tesztlogin_szerver.csproj", "{4770B284-3418-4CE3-B5E8-B8CAB736E320}"
EndProject
Global
	GlobalSection(SolutionConfigurationPlatforms) = preSolution
		Debug|Any CPU = Debug|Any CPU
		Release|Any CPU = Release|Any CPU
	EndGlobalSection
	GlobalSection(ProjectConfigurationPlatforms) = postSolution
		{4770B284-3418-4CE3-B5E8-B8CAB736E320}.Debug|Any CPU.ActiveCfg = Debug|Any CPU
		{4770B284-3418-4CE3-B5E8-B8CAB736E320}.Debug|Any CPU.Build.0 = Debug|Any CPU
		{4770B284-3418-4CE3-B5E8-B8CAB736E320}.Release|Any CPU.ActiveCfg = Release|Any CPU
		{4770B284-3418-4CE3-B5E8-B8CAB736E320}.Release|Any CPU.Build.0 = Release|Any CPU
	EndGlobalSection
	GlobalSection(SolutionProperties) = preSolution
		HideSolutionNode = FALSE
	EndGlobalSection
	GlobalSection(ExtensibilityGlobals) = postSolution
		SolutionGuid = {DA245E2F-BCC0-431F-AA69-CA6D57FA6FB0}
	EndGlobalSection
EndGlobal
